// !$*UTF8*$!
{
	archiveVersion = 1;
	classes = {
	};
	objectVersion = 46;
	objects = {

/* Begin PBXBuildFile section */
		7C48B8AC175FCC0C0008B44F /* UIKit.framework in Frameworks */ = {isa = PBXBuildFile; fileRef = 7C48B8AB175FCC0C0008B44F /* UIKit.framework */; };
		7C48B8AE175FCC0C0008B44F /* Foundation.framework in Frameworks */ = {isa = PBXBuildFile; fileRef = 7C48B8AD175FCC0C0008B44F /* Foundation.framework */; };
		7C48B8B0175FCC0C0008B44F /* CoreGraphics.framework in Frameworks */ = {isa = PBXBuildFile; fileRef = 7C48B8AF175FCC0C0008B44F /* CoreGraphics.framework */; };
		7C48B8B6175FCC0C0008B44F /* InfoPlist.strings in Resources */ = {isa = PBXBuildFile; fileRef = 7C48B8B4175FCC0C0008B44F /* InfoPlist.strings */; };
		7C48B8B8175FCC0C0008B44F /* main.m in Sources */ = {isa = PBXBuildFile; fileRef = 7C48B8B7175FCC0C0008B44F /* main.m */; };
		7C48B8BC175FCC0C0008B44F /* AppDelegate.m in Sources */ = {isa = PBXBuildFile; fileRef = 7C48B8BB175FCC0C0008B44F /* AppDelegate.m */; };
		7C48B8BE175FCC0C0008B44F /* Default.png in Resources */ = {isa = PBXBuildFile; fileRef = 7C48B8BD175FCC0C0008B44F /* Default.png */; };
		7C48B8C0175FCC0C0008B44F /* Default@2x.png in Resources */ = {isa = PBXBuildFile; fileRef = 7C48B8BF175FCC0C0008B44F /* Default@2x.png */; };
		7C48B8C2175FCC0C0008B44F /* Default-568h@2x.png in Resources */ = {isa = PBXBuildFile; fileRef = 7C48B8C1175FCC0C0008B44F /* Default-568h@2x.png */; };
		7C48B8D5175FD74A0008B44F /* OneViewController.m in Sources */ = {isa = PBXBuildFile; fileRef = 7C48B8D3175FD74A0008B44F /* OneViewController.m */; };
		7C48B8D6175FD74A0008B44F /* OneViewController.xib in Resources */ = {isa = PBXBuildFile; fileRef = 7C48B8D4175FD74A0008B44F /* OneViewController.xib */; };
		7C48B8DA175FD8960008B44F /* TwoViewController.m in Sources */ = {isa = PBXBuildFile; fileRef = 7C48B8D8175FD8960008B44F /* TwoViewController.m */; };
		7C48B8DB175FD8960008B44F /* TwoViewController.xib in Resources */ = {isa = PBXBuildFile; fileRef = 7C48B8D9175FD8960008B44F /* TwoViewController.xib */; };
/* End PBXBuildFile section */

/* Begin PBXFileReference section */
		7C48B8A8175FCC0C0008B44F /* Nav_demo.app */ = {isa = PBXFileReference; explicitFileType = wrapper.application; includeInIndex = 0; path = Nav_demo.app; sourceTree = BUILT_PRODUCTS_DIR; };
		7C48B8AB175FCC0C0008B44F /* UIKit.framework */ = {isa = PBXFileReference; lastKnownFileType = wrapper.framework; name = UIKit.framework; path = System/Library/Frameworks/UIKit.framework; sourceTree = SDKROOT; };
		7C48B8AD175FCC0C0008B44F /* Foundation.framework */ = {isa = PBXFileReference; lastKnownFileType = wrapper.framework; name = Foundation.framework; path = System/Library/Frameworks/Foundation.framework; sourceTree = SDKROOT; };
		7C48B8AF175FCC0C0008B44F /* CoreGraphics.framework */ = {isa = PBXFileReference; lastKnownFileType = wrapper.framework; name = CoreGraphics.framework; path = System/Library/Frameworks/CoreGraphics.framework; sourceTree = SDKROOT; };
		7C48B8B3175FCC0C0008B44F /* Nav_demo-Info.plist */ = {isa = PBXFileReference; lastKnownFileType = text.plist.xml; path = "Nav_demo-Info.plist"; sourceTree = "<group>"; };
		7C48B8B5175FCC0C0008B44F /* en */ = {isa = PBXFileReference; lastKnownFileType = text.plist.strings; name = en; path = en.lproj/InfoPlist.strings; sourceTree = "<group>"; };
		7C48B8B7175FCC0C0008B44F /* main.m */ = {isa = PBXFileReference; lastKnownFileType = sourcecode.c.objc; path = main.m; sourceTree = "<group>"; };
		7C48B8B9175FCC0C0008B44F /* Nav_demo-Prefix.pch */ = {isa = PBXFileReference; lastKnownFileType = sourcecode.c.h; path = "Nav_demo-Prefix.pch"; sourceTree = "<group>"; };
		7C48B8BA175FCC0C0008B44F /* AppDelegate.h */ = {isa = PBXFileReference; lastKnownFileType = sourcecode.c.h; path = AppDelegate.h; sourceTree = "<group>"; };
		7C48B8BB175FCC0C0008B44F /* AppDelegate.m */ = {isa = PBXFileReference; lastKnownFileType = sourcecode.c.objc; path = AppDelegate.m; sourceTree = "<group>"; };
		7C48B8BD175FCC0C0008B44F /* Default.png */ = {isa = PBXFileReference; lastKnownFileType = image.png; path = Default.png; sourceTree = "<group>"; };
		7C48B8BF175FCC0C0008B44F /* Default@2x.png */ = {isa = PBXFileReference; lastKnownFileType = image.png; path = "Default@2x.png"; sourceTree = "<group>"; };
		7C48B8C1175FCC0C0008B44F /* Default-568h@2x.png */ = {isa = PBXFileReference; lastKnownFileType = image.png; path = "Default-568h@2x.png"; sourceTree = "<group>"; };
		7C48B8D2175FD74A0008B44F /* OneViewController.h */ = {isa = PBXFileReference; fileEncoding = 4; lastKnownFileType = sourcecode.c.h; path = OneViewController.h; sourceTree = "<group>"; };
		7C48B8D3175FD74A0008B44F /* OneViewController.m */ = {isa = PBXFileReference; fileEncoding = 4; lastKnownFileType = sourcecode.c.objc; path = OneViewController.m; sourceTree = "<group>"; };
		7C48B8D4175FD74A0008B44F /* OneViewController.xib */ = {isa = PBXFileReference; fileEncoding = 4; lastKnownFileType = file.xib; path = OneViewController.xib; sourceTree = "<group>"; };
		7C48B8D7175FD8960008B44F /* TwoViewController.h */ = {isa = PBXFileReference; fileEncoding = 4; lastKnownFileType = sourcecode.c.h; path = TwoViewController.h; sourceTree = "<group>"; };
		7C48B8D8175FD8960008B44F /* TwoViewController.m */ = {isa = PBXFileReference; fileEncoding = 4; lastKnownFileType = sourcecode.c.objc; path = TwoViewController.m; sourceTree = "<group>"; };
		7C48B8D9175FD8960008B44F /* TwoViewController.xib */ = {isa = PBXFileReference; fileEncoding = 4; lastKnownFileType = file.xib; path = TwoViewController.xib; sourceTree = "<group>"; };
/* End PBXFileReference section */

/* Begin PBXFrameworksBuildPhase section */
		7C48B8A5175FCC0C0008B44F /* Frameworks */ = {
			isa = PBXFrameworksBuildPhase;
			buildActionMask = 2147483647;
			files = (
				7C48B8AC175FCC0C0008B44F /* UIKit.framework in Frameworks */,
				7C48B8AE175FCC0C0008B44F /* Foundation.framework in Frameworks */,
				7C48B8B0175FCC0C0008B44F /* CoreGraphics.framework in Frameworks */,
			);
			runOnlyForDeploymentPostprocessing = 0;
		};
/* End PBXFrameworksBuildPhase section */

/* Begin PBXGroup section */
		7C48B89F175FCC0C0008B44F = {
			isa = PBXGroup;
			children = (
				7C48B8B1175FCC0C0008B44F /* Nav_demo */,
				7C48B8AA175FCC0C0008B44F /* Frameworks */,
				7C48B8A9175FCC0C0008B44F /* Products */,
			);
			sourceTree = "<group>";
		};
		7C48B8A9175FCC0C0008B44F /* Products */ = {
			isa = PBXGroup;
			children = (
				7C48B8A8175FCC0C0008B44F /* Nav_demo.app */,
			);
			name = Products;
			sourceTree = "<group>";
		};
		7C48B8AA175FCC0C0008B44F /* Frameworks */ = {
			isa = PBXGroup;
			children = (
				7C48B8AB175FCC0C0008B44F /* UIKit.framework */,
				7C48B8AD175FCC0C0008B44F /* Foundation.framework */,
				7C48B8AF175FCC0C0008B44F /* CoreGraphics.framework */,
			);
			name = Frameworks;
			sourceTree = "<group>";
		};
		7C48B8B1175FCC0C0008B44F /* Nav_demo */ = {
			isa = PBXGroup;
			children = (
				7C48B8BA175FCC0C0008B44F /* AppDelegate.h */,
				7C48B8BB175FCC0C0008B44F /* AppDelegate.m */,
				7C48B8D7175FD8960008B44F /* TwoViewController.h */,
				7C48B8D8175FD8960008B44F /* TwoViewController.m */,
				7C48B8D9175FD8960008B44F /* TwoViewController.xib */,
				7C48B8D2175FD74A0008B44F /* OneViewController.h */,
				7C48B8D3175FD74A0008B44F /* OneViewController.m */,
				7C48B8D4175FD74A0008B44F /* OneViewController.xib */,
				7C48B8B2175FCC0C0008B44F /* Supporting Files */,
			);
			path = Nav_demo;
			sourceTree = "<group>";
		};
		7C48B8B2175FCC0C0008B44F /* Supporting Files */ = {
			isa = PBXGroup;
			children = (
				7C48B8B3175FCC0C0008B44F /* Nav_demo-Info.plist */,
				7C48B8B4175FCC0C0008B44F /* InfoPlist.strings */,
				7C48B8B7175FCC0C0008B44F /* main.m */,
				7C48B8B9175FCC0C0008B44F /* Nav_demo-Prefix.pch */,
				7C48B8BD175FCC0C0008B44F /* Default.png */,
				7C48B8BF175FCC0C0008B44F /* Default@2x.png */,
				7C48B8C1175FCC0C0008B44F /* Default-568h@2x.png */,
			);
			name = "Supporting Files";
			sourceTree = "<group>";
		};
/* End PBXGroup section */

/* Begin PBXNativeTarget section */
		7C48B8A7175FCC0C0008B44F /* Nav_demo */ = {
			isa = PBXNativeTarget;
			buildConfigurationList = 7C48B8C5175FCC0C0008B44F /* Build configuration list for PBXNativeTarget "Nav_demo" */;
			buildPhases = (
				7C48B8A4175FCC0C0008B44F /* Sources */,
				7C48B8A5175FCC0C0008B44F /* Frameworks */,
				7C48B8A6175FCC0C0008B44F /* Resources */,
			);
			buildRules = (
			);
			dependencies = (
			);
			name = Nav_demo;
			productName = Nav_demo;
			productReference = 7C48B8A8175FCC0C0008B44F /* Nav_demo.app */;
			productType = "com.apple.product-type.application";
		};
/* End PBXNativeTarget section */

/* Begin PBXProject section */
		7C48B8A0175FCC0C0008B44F /* Project object */ = {
			isa = PBXProject;
			attributes = {
				LastUpgradeCheck = 0460;
				ORGANIZATIONNAME = julong;
			};
			buildConfigurationList = 7C48B8A3175FCC0C0008B44F /* Build configuration list for PBXProject "Nav_demo" */;
			compatibilityVersion = "Xcode 3.2";
			developmentRegion = English;
			hasScannedForEncodings = 0;
			knownRegions = (
				en,
			);
			mainGroup = 7C48B89F175FCC0C0008B44F;
			productRefGroup = 7C48B8A9175FCC0C0008B44F /* Products */;
			projectDirPath = "";
			projectRoot = "";
			targets = (
				7C48B8A7175FCC0C0008B44F /* Nav_demo */,
			);
		};
/* End PBXProject section */

/* Begin PBXResourcesBuildPhase section */
		7C48B8A6175FCC0C0008B44F /* Resources */ = {
			isa = PBXResourcesBuildPhase;
			buildActionMask = 2147483647;
			files = (
				7C48B8B6175FCC0C0008B44F /* InfoPlist.strings in Resources */,
				7C48B8BE175FCC0C0008B44F /* Default.png in Resources */,
				7C48B8C0175FCC0C0008B44F /* Default@2x.png in Resources */,
				7C48B8C2175FCC0C0008B44F /* Default-568h@2x.png in Resources */,
				7C48B8D6175FD74A0008B44F /* OneViewController.xib in Resources */,
				7C48B8DB175FD8960008B44F /* TwoViewController.xib in Resources */,
			);
			runOnlyForDeploymentPostprocessing = 0;
		};
/* End PBXResourcesBuildPhase section */

/* Begin PBXSourcesBuildPhase section */
		7C48B8A4175FCC0C0008B44F /* Sources */ = {
			isa = PBXSourcesBuildPhase;
			buildActionMask = 2147483647;
			files = (
				7C48B8B8175FCC0C0008B44F /* main.m in Sources */,
				7C48B8BC175FCC0C0008B44F /* AppDelegate.m in Sources */,
				7C48B8D5175FD74A0008B44F /* OneViewController.m in Sources */,
				7C48B8DA175FD8960008B44F /* TwoViewController.m in Sources */,
			);
			runOnlyForDeploymentPostprocessing = 0;
		};
/* End PBXSourcesBuildPhase section */

/* Begin PBXVariantGroup section */
		7C48B8B4175FCC0C0008B44F /* InfoPlist.strings */ = {
			isa = PBXVariantGroup;
			children = (
				7C48B8B5175FCC0C0008B44F /* en */,
			);
			name = InfoPlist.strings;
			sourceTree = "<group>";
		};
/* End PBXVariantGroup section */

/* Begin XCBuildConfiguration section */
		7C48B8C3175FCC0C0008B44F /* Debug */ = {
			isa = XCBuildConfiguration;
			buildSettings = {
				ALWAYS_SEARCH_USER_PATHS = NO;
				CLANG_CXX_LANGUAGE_STANDARD = "gnu++0x";
				CLANG_CXX_LIBRARY = "libc++";
				CLANG_ENABLE_OBJC_ARC = YES;
				CLANG_WARN_CONSTANT_CONVERSION = YES;
				CLANG_WARN_EMPTY_BODY = YES;
				CLANG_WARN_ENUM_CONVERSION = YES;
				CLANG_WARN_INT_CONVERSION = YES;
				CLANG_WARN__DUPLICATE_METHOD_MATCH = YES;
				"CODE_SIGN_IDENTITY[sdk=iphoneos*]" = "iPhone Developer";
				COPY_PHASE_STRIP = NO;
				GCC_C_LANGUAGE_STANDARD = gnu99;
				GCC_DYNAMIC_NO_PIC = NO;
				GCC_OPTIMIZATION_LEVEL = 0;
				GCC_PREPROCESSOR_DEFINITIONS = (
					"DEBUG=1",
					"$(inherited)",
				);
				GCC_SYMBOLS_PRIVATE_EXTERN = NO;
				GCC_WARN_ABOUT_RETURN_TYPE = YES;
				GCC_WARN_UNINITIALIZED_AUTOS = YES;
				GCC_WARN_UNUSED_VARIABLE = YES;
				IPHONEOS_DEPLOYMENT_TARGET = 6.1;
				ONLY_ACTIVE_ARCH = YES;
				SDKROOT = iphoneos;
			};
			name = Debug;
		};
		7C48B8C4175FCC0C0008B44F /* Release */ = {
			isa = XCBuildConfiguration;
			buildSettings = {
				ALWAYS_SEARCH_USER_PATHS = NO;
				CLANG_CXX_LANGUAGE_STANDARD = "gnu++0x";
				CLANG_CXX_LIBRARY = "libc++";
				CLANG_ENABLE_OBJC_ARC = YES;
				CLANG_WARN_CONSTANT_CONVERSION = YES;
				CLANG_WARN_EMPTY_BODY = YES;
				CLANG_WARN_ENUM_CONVERSION = YES;
				CLANG_WARN_INT_CONVERSION = YES;
				CLANG_WARN__DUPLICATE_METHOD_MATCH = YES;
				"CODE_SIGN_IDENTITY[sdk=iphoneos*]" = "iPhone Developer";
				COPY_PHASE_STRIP = YES;
				GCC_C_LANGUAGE_STANDARD = gnu99;
				GCC_WARN_ABOUT_RETURN_TYPE = YES;
				GCC_WARN_UNINITIALIZED_AUTOS = YES;
				GCC_WARN_UNUSED_VARIABLE = YES;
				IPHONEOS_DEPLOYMENT_TARGET = 6.1;
				OTHER_CFLAGS = "-DNS_BLOCK_ASSERTIONS=1";
				SDKROOT = iphoneos;
				VALIDATE_PRODUCT = YES;
			};
			name = Release;
		};
		7C48B8C6175FCC0C0008B44F /* Debug */ = {
			isa = XCBuildConfiguration;
			buildSettings = {
				GCC_PRECOMPILE_PREFIX_HEADER = YES;
				GCC_PREFIX_HEADER = "Nav_demo/Nav_demo-Prefix.pch";
				INFOPLIST_FILE = "Nav_demo/Nav_demo-Info.plist";
				PRODUCT_NAME = "$(TARGET_NAME)";
				WRAPPER_EXTENSION = app;
			};
			name = Debug;
		};
		7C48B8C7175FCC0C0008B44F /* Release */ = {
			isa = XCBuildConfiguration;
			buildSettings = {
				GCC_PRECOMPILE_PREFIX_HEADER = YES;
				GCC_PREFIX_HEADER = "Nav_demo/Nav_demo-Prefix.pch";
				INFOPLIST_FILE = "Nav_demo/Nav_demo-Info.plist";
				PRODUCT_NAME = "$(TARGET_NAME)";
				WRAPPER_EXTENSION = app;
			};
			name = Release;
		};
/* End XCBuildConfiguration section */

/* Begin XCConfigurationList section */
		7C48B8A3175FCC0C0008B44F /* Build configuration list for PBXProject "Nav_demo" */ = {
			isa = XCConfigurationList;
			buildConfigurations = (
				7C48B8C3175FCC0C0008B44F /* Debug */,
				7C48B8C4175FCC0C0008B44F /* Release */,
			);
			defaultConfigurationIsVisible = 0;
			defaultConfigurationName = Release;
		};
		7C48B8C5175FCC0C0008B44F /* Build configuration list for PBXNativeTarget "Nav_demo" */ = {
			isa = XCConfigurationList;
			buildConfigurations = (
				7C48B8C6175FCC0C0008B44F /* Debug */,
				7C48B8C7175FCC0C0008B44F /* Release */,
			);
			defaultConfigurationIsVisible = 0;
		};
/* End XCConfigurationList section */
	};
	rootObject = 7C48B8A0175FCC0C0008B44F /* Project object */;
}
